{
  "name": "tera",
  "version": "0.0.6",
  "lockfileVersion": 1,
  "requires": true,
  "dependencies": {
    "@types/node": {
      "version": "12.12.55",
      "resolved": "https://registry.npmjs.org/@types/node/-/node-12.12.55.tgz",
      "integrity": "sha512-Vd6xQUVvPCTm7Nx1N7XHcpX6t047ltm7TgcsOr4gFHjeYgwZevo+V7I1lfzHnj5BT5frztZ42+RTG4MwYw63dw=="
    },
    "@types/vscode": {
      "version": "1.57.0",
      "resolved": "https://registry.npmjs.org/@types/vscode/-/vscode-1.57.0.tgz",
      "integrity": "sha512-FeznBFtIDCWRluojTsi9c3LLcCHOXP5etQfBK42+ixo1CoEAchkw39tuui9zomjZuKfUVL33KZUDIwHZ/xvOkQ==",
      "dev": true
    },
    "file-saver": {
      "version": "2.0.2",
      "resolved": "https://registry.npmjs.org/file-saver/-/file-saver-2.0.2.tgz",
      "integrity": "sha512-Wz3c3XQ5xroCxd1G8b7yL0Ehkf0TC9oYC6buPFkNnU9EnaPlifeAFCyCh+iewXTyFRcg0a6j3J7FmJsIhlhBdw=="
    },
    "prettydiff": {
      "version": "101.2.6",
      "resolved": "https://registry.npmjs.org/prettydiff/-/prettydiff-101.2.6.tgz",
      "integrity": "sha512-/fJ33pQ8MPI7+IB8fo/lOMR58CE/4GYNZRtjcQiPYmGNMo1HS9KmaybYdtEnfmx5EOSe/ch3Sg2fJ8YkNKb/XQ==",
      "requires": {
        "@types/node": "^12.7.2",
        "file-saver": "^2.0.2",
        "sparser": "^1.4.11"
      }
    },
    "sparser": {
      "version": "1.4.12",
      "resolved": "https://registry.npmjs.org/sparser/-/sparser-1.4.12.tgz",
      "integrity": "sha512-qxDcacCuwHbvsf803PpZuETRI1pU8NAmLbyzZqFHPW7QjPK9pnCoX9ZPPbOMyiti6EOocfYzqzDPWj4fICXNzw==",
      "requires": {
        "@types/node": "^12.7.1"
      }
    }
  }
}
